{
  "object": {
    "pins": [
      {
        "package": "Kanna",
        "repositoryURL": "https://github.com/tid-kijyun/Kanna.git",
        "state": {
          "branch": null,
          "revision": "0534d5d4917410870fcac8907e06f69b58a23417",
          "version": "4.0.3"
        }
      },
      {
        "package": "MiniNe",
        "repositoryURL": "https://github.com/kevcodex/MiniNe",
        "state": {
          "branch": null,
          "revision": "3f14b1409e65d6f19cc17ffe4b75b59667ae3a43",
          "version": "1.3.3"
        }
      },
      {
        "package": "ScriptHelpers",
        "repositoryURL": "https://github.com/kevcodex/ScriptHelpers",
        "state": {
          "branch": null,
          "revision": "b72072bbd7d236e8a05a01f228008a1edef5f47b",
          "version": "1.4.1"
        }
      }
    ]
  },
  "version": 1
}
